
Microsoft Visual Studio Solution File, Format Version 12.00
# Visual Studio Version 17
VisualStudioVersion = 17.9.34728.123
MinimumVisualStudioVersion = 10.0.40219.1
Project("{FAE04EC0-301F-11D3-BF4B-00C04F79EFBC}") = "ProductBackend", "ProductBackend\ProductBackend.csproj", "{A374BCE6-A9E4-4326-833F-D225C92E0A0D}"
EndProject
Global
	GlobalSection(SolutionConfigurationPlatforms) = preSolution
		Debug|Any CPU = Debug|Any CPU
		Release|Any CPU = Release|Any CPU
	EndGlobalSection
	GlobalSection(ProjectConfigurationPlatforms) = postSolution
		{A374BCE6-A9E4-4326-833F-D225C92E0A0D}.Debug|Any CPU.ActiveCfg = Debug|Any CPU
		{A374BCE6-A9E4-4326-833F-D225C92E0A0D}.Debug|Any CPU.Build.0 = Debug|Any CPU
		{A374BCE6-A9E4-4326-833F-D225C92E0A0D}.Release|Any CPU.ActiveCfg = Release|Any CPU
		{A374BCE6-A9E4-4326-833F-D225C92E0A0D}.Release|Any CPU.Build.0 = Release|Any CPU
	EndGlobalSection
	GlobalSection(SolutionProperties) = preSolution
		HideSolutionNode = FALSE
	EndGlobalSection
	GlobalSection(ExtensibilityGlobals) = postSolution
		SolutionGuid = {AF401869-3E32-4536-BBF7-58B165017BB5}
	EndGlobalSection
EndGlobal
